Microsoft Visual Studio Solution File, Format Version 12.00
# Visual Studio Version 18
VisualStudioVersion = 18.2.11408.102 d18.0
MinimumVisualStudioVersion = 10.0.40219.1
Project("{9A19103F-16F7-4668-BE54-9A1E7A4F7556}") = "MQTTnet.Rx.ABPlc", "MQTTnet.Rx.ABPlc\MQTTnet.Rx.ABPlc.csproj", "{5DB1DAEB-5A4E-436C-8D23-AC185DD67276}"
EndProject
Project("{2150E333-8FDC-42A3-9474-1A3956D46DE8}") = "SolutionConfig", "SolutionConfig", "{8994737C-D02C-4FA6-AFD7-507AC44D0F0B}"
	ProjectSection(SolutionItems) = preProject
		..\.editorconfig = ..\.editorconfig
		..\.gitignore = ..\.gitignore
		..\Directory.Build.props = ..\Directory.Build.props
		..\LICENSE = ..\LICENSE
		..\nuget.config = ..\nuget.config
		..\README.md = ..\README.md
		..\stylecop.json = ..\stylecop.json
		..\Version.json = ..\Version.json
	EndProjectSection
EndProject
Project("{9A19103F-16F7-4668-BE54-9A1E7A4F7556}") = "MQTTnet.Rx.Client", "MQTTnet.Rx.Client\MQTTnet.Rx.Client.csproj", "{A0EB10D6-429B-4CB6-8F73-5992BF1BD577}"
EndProject
Project("{9A19103F-16F7-4668-BE54-9A1E7A4F7556}") = "MQTTnet.Rx.Client.TestApp", "MQTTnet.Rx.Client.TestApp\MQTTnet.Rx.Client.TestApp.csproj", "{C0D67B21-7EA6-4200-9131-7DF3CFF0C6AA}"
EndProject
Project("{9A19103F-16F7-4668-BE54-9A1E7A4F7556}") = "MQTTnet.Rx.Modbus", "MQTTnet.Rx.Modbus\MQTTnet.Rx.Modbus.csproj", "{DB66BB54-7E41-45F6-9FDC-6433DA76550F}"
EndProject
Project("{9A19103F-16F7-4668-BE54-9A1E7A4F7556}") = "MQTTnet.Rx.S7Plc", "MQTTnet.Rx.S7Plc\MQTTnet.Rx.S7Plc.csproj", "{83E34163-36DE-4907-B347-71610E563B83}"
EndProject
Project("{9A19103F-16F7-4668-BE54-9A1E7A4F7556}") = "MQTTnet.Rx.SerialPort", "MQTTnet.Rx.SerialPort\MQTTnet.Rx.SerialPort.csproj", "{19D987A8-77AC-4BF8-9ADF-E989193B3563}"
EndProject
Project("{9A19103F-16F7-4668-BE54-9A1E7A4F7556}") = "MQTTnet.Rx.TwinCAT", "MQTTnet.Rx.TwinCAT\MQTTnet.Rx.TwinCAT.csproj", "{6DAF0CF3-8259-465C-A649-9AF745719D31}"
EndProject
Project("{9A19103F-16F7-4668-BE54-9A1E7A4F7556}") = "_build", "..\build\_build.csproj", "{1DC64497-CF38-416D-A023-C8012E5265A4}"
EndProject
Project("{9A19103F-16F7-4668-BE54-9A1E7A4F7556}") = "TestSingleClient", "TestSingleClient\TestSingleClient.csproj", "{1340E0BA-6642-4633-850E-E62F0C137DE8}"
EndProject
Project("{FAE04EC0-301F-11D3-BF4B-00C04F79EFBC}") = "MQTTnet.Rx.Server", "MQTTnet.Rx.Server\MQTTnet.Rx.Server.csproj", "{3E4A2891-40D3-4D4B-A67B-DD949B21C037}"
EndProject
Project("{FAE04EC0-301F-11D3-BF4B-00C04F79EFBC}") = "MQTTnet.Rx.Client.Tests", "MQTTnet.Rx.Client.Tests\MQTTnet.Rx.Client.Tests.csproj", "{663CE5F5-CD26-ADDC-23A7-B9A942408A9D}"
EndProject
Global
	GlobalSection(SolutionConfigurationPlatforms) = preSolution
		Debug|Any CPU = Debug|Any CPU
		Release|Any CPU = Release|Any CPU
	EndGlobalSection
	GlobalSection(ProjectConfigurationPlatforms) = postSolution
		{5DB1DAEB-5A4E-436C-8D23-AC185DD67276}.Debug|Any CPU.ActiveCfg = Debug|Any CPU
		{5DB1DAEB-5A4E-436C-8D23-AC185DD67276}.Debug|Any CPU.Build.0 = Debug|Any CPU
		{5DB1DAEB-5A4E-436C-8D23-AC185DD67276}.Release|Any CPU.ActiveCfg = Release|Any CPU
		{5DB1DAEB-5A4E-436C-8D23-AC185DD67276}.Release|Any CPU.Build.0 = Release|Any CPU
		{A0EB10D6-429B-4CB6-8F73-5992BF1BD577}.Debug|Any CPU.ActiveCfg = Debug|Any CPU
		{A0EB10D6-429B-4CB6-8F73-5992BF1BD577}.Debug|Any CPU.Build.0 = Debug|Any CPU
		{A0EB10D6-429B-4CB6-8F73-5992BF1BD577}.Release|Any CPU.ActiveCfg = Release|Any CPU
		{A0EB10D6-429B-4CB6-8F73-5992BF1BD577}.Release|Any CPU.Build.0 = Release|Any CPU
		{C0D67B21-7EA6-4200-9131-7DF3CFF0C6AA}.Debug|Any CPU.ActiveCfg = Debug|Any CPU
		{C0D67B21-7EA6-4200-9131-7DF3CFF0C6AA}.Debug|Any CPU.Build.0 = Debug|Any CPU
		{C0D67B21-7EA6-4200-9131-7DF3CFF0C6AA}.Release|Any CPU.ActiveCfg = Release|Any CPU
		{C0D67B21-7EA6-4200-9131-7DF3CFF0C6AA}.Release|Any CPU.Build.0 = Release|Any CPU
		{DB66BB54-7E41-45F6-9FDC-6433DA76550F}.Debug|Any CPU.ActiveCfg = Debug|Any CPU
		{DB66BB54-7E41-45F6-9FDC-6433DA76550F}.Debug|Any CPU.Build.0 = Debug|Any CPU
		{DB66BB54-7E41-45F6-9FDC-6433DA76550F}.Release|Any CPU.ActiveCfg = Release|Any CPU
		{DB66BB54-7E41-45F6-9FDC-6433DA76550F}.Release|Any CPU.Build.0 = Release|Any CPU
		{83E34163-36DE-4907-B347-71610E563B83}.Debug|Any CPU.ActiveCfg = Debug|Any CPU
		{83E34163-36DE-4907-B347-71610E563B83}.Debug|Any CPU.Build.0 = Debug|Any CPU
		{83E34163-36DE-4907-B347-71610E563B83}.Release|Any CPU.ActiveCfg = Release|Any CPU
		{83E34163-36DE-4907-B347-71610E563B83}.Release|Any CPU.Build.0 = Release|Any CPU
		{19D987A8-77AC-4BF8-9ADF-E989193B3563}.Debug|Any CPU.ActiveCfg = Debug|Any CPU
		{19D987A8-77AC-4BF8-9ADF-E989193B3563}.Debug|Any CPU.Build.0 = Debug|Any CPU
		{19D987A8-77AC-4BF8-9ADF-E989193B3563}.Release|Any CPU.ActiveCfg = Release|Any CPU
		{19D987A8-77AC-4BF8-9ADF-E989193B3563}.Release|Any CPU.Build.0 = Release|Any CPU
		{6DAF0CF3-8259-465C-A649-9AF745719D31}.Debug|Any CPU.ActiveCfg = Debug|Any CPU
		{6DAF0CF3-8259-465C-A649-9AF745719D31}.Debug|Any CPU.Build.0 = Debug|Any CPU
		{6DAF0CF3-8259-465C-A649-9AF745719D31}.Release|Any CPU.ActiveCfg = Release|Any CPU
		{6DAF0CF3-8259-465C-A649-9AF745719D31}.Release|Any CPU.Build.0 = Release|Any CPU
		{1DC64497-CF38-416D-A023-C8012E5265A4}.Debug|Any CPU.ActiveCfg = Debug|Any CPU
		{1DC64497-CF38-416D-A023-C8012E5265A4}.Release|Any CPU.ActiveCfg = Release|Any CPU
		{1340E0BA-6642-4633-850E-E62F0C137DE8}.Debug|Any CPU.ActiveCfg = Debug|Any CPU
		{1340E0BA-6642-4633-850E-E62F0C137DE8}.Debug|Any CPU.Build.0 = Debug|Any CPU
		{1340E0BA-6642-4633-850E-E62F0C137DE8}.Release|Any CPU.ActiveCfg = Release|Any CPU
		{1340E0BA-6642-4633-850E-E62F0C137DE8}.Release|Any CPU.Build.0 = Release|Any CPU
		{3E4A2891-40D3-4D4B-A67B-DD949B21C037}.Debug|Any CPU.ActiveCfg = Debug|Any CPU
		{3E4A2891-40D3-4D4B-A67B-DD949B21C037}.Debug|Any CPU.Build.0 = Debug|Any CPU
		{3E4A2891-40D3-4D4B-A67B-DD949B21C037}.Release|Any CPU.ActiveCfg = Release|Any CPU
		{3E4A2891-40D3-4D4B-A67B-DD949B21C037}.Release|Any CPU.Build.0 = Release|Any CPU
		{663CE5F5-CD26-ADDC-23A7-B9A942408A9D}.Debug|Any CPU.ActiveCfg = Debug|Any CPU
		{663CE5F5-CD26-ADDC-23A7-B9A942408A9D}.Debug|Any CPU.Build.0 = Debug|Any CPU
		{663CE5F5-CD26-ADDC-23A7-B9A942408A9D}.Release|Any CPU.ActiveCfg = Release|Any CPU
		{663CE5F5-CD26-ADDC-23A7-B9A942408A9D}.Release|Any CPU.Build.0 = Release|Any CPU
	EndGlobalSection
	GlobalSection(SolutionProperties) = preSolution
		HideSolutionNode = FALSE
	EndGlobalSection
	GlobalSection(ExtensibilityGlobals) = postSolution
		SolutionGuid = {C166BEAB-4A07-4D8F-8E22-99417A43CF77}
	EndGlobalSection
EndGlobal
